[[package]]
name = "appdirs"
version = "1.4.3"
description = "A small Python module for determining appropriate platform-specific dirs, e.g. a \"user data dir\"."
category = "main"
optional = true
python-versions = "*"

[[package]]
name = "certifi"
version = "2020.4.5.1"
description = "Python package for providing Mozilla's CA Bundle."
category = "main"
optional = false
python-versions = "*"

[[package]]
name = "cfgv"
version = "3.1.0"
description = "Validate configuration and produce human readable error messages."
category = "main"
optional = true
python-versions = ">=3.6.1"

[[package]]
name = "charset-normalizer"
version = "2.0.2"
description = "The Real First Universal Charset Detector. Open, modern and actively maintained alternative to Chardet."
category = "main"
optional = false
python-versions = ">=3.5.0"

[package.extras]
unicode_backport = ["unicodedata2"]

[[package]]
name = "distlib"
version = "0.3.0"
description = "Distribution utilities"
category = "main"
optional = true
python-versions = "*"

[[package]]
name = "filelock"
version = "3.0.12"
description = "A platform independent file lock."
category = "main"
optional = true
python-versions = "*"

[[package]]
name = "identify"
version = "1.4.14"
description = "File identification library for Python"
category = "main"
optional = true
python-versions = "!=3.0.*,!=3.1.*,!=3.2.*,!=3.3.*,>=2.7"

[package.extras]
license = ["editdistance"]

[[package]]
name = "idna"
version = "2.9"
description = "Internationalized Domain Names in Applications (IDNA)"
category = "main"
optional = false
python-versions = ">=2.7, !=3.0.*, !=3.1.*, !=3.2.*, !=3.3.*"

[[package]]
name = "importlib-metadata"
version = "1.6.0"
description = "Read metadata from Python packages"
category = "main"
optional = true
python-versions = "!=3.0.*,!=3.1.*,!=3.2.*,!=3.3.*,!=3.4.*,>=2.7"

[package.dependencies]
zipp = ">=0.5"

[package.extras]
docs = ["sphinx", "rst.linker"]
testing = ["packaging", "importlib-resources"]

[[package]]
name = "importlib-resources"
version = "1.4.0"
description = "Read resources from Python packages"
category = "main"
optional = true
python-versions = "!=3.0.*,!=3.1.*,!=3.2.*,!=3.3.*,!=3.4.*,>=2.7"

[package.dependencies]
importlib-metadata = {version = "*", markers = "python_version < \"3.8\""}
zipp = {version = ">=0.4", markers = "python_version < \"3.8\""}

[package.extras]
docs = ["sphinx", "rst.linker", "jaraco.packaging"]

[[package]]
name = "nodeenv"
version = "1.3.5"
description = "Node.js virtual environment builder"
category = "main"
optional = true
python-versions = "*"

[[package]]
name = "pre-commit"
version = "2.13.0"
description = "A framework for managing and maintaining multi-language pre-commit hooks."
category = "main"
optional = true
python-versions = ">=3.6.1"

[package.dependencies]
cfgv = ">=2.0.0"
identify = ">=1.0.0"
importlib-metadata = {version = "*", markers = "python_version < \"3.8\""}
importlib-resources = {version = "*", markers = "python_version < \"3.7\""}
nodeenv = ">=0.11.1"
pyyaml = ">=5.1"
toml = "*"
virtualenv = ">=20.0.8"

[[package]]
name = "pyyaml"
version = "5.3.1"
description = "YAML parser and emitter for Python"
category = "main"
optional = true
python-versions = ">=2.7, !=3.0.*, !=3.1.*, !=3.2.*, !=3.3.*, !=3.4.*"

[[package]]
name = "requests"
version = "2.26.0"
description = "Python HTTP for Humans."
category = "main"
optional = false
python-versions = ">=2.7, !=3.0.*, !=3.1.*, !=3.2.*, !=3.3.*, !=3.4.*, !=3.5.*"

[package.dependencies]
certifi = ">=2017.4.17"
charset-normalizer = {version = ">=2.0.0,<2.1.0", markers = "python_version >= \"3\""}
idna = {version = ">=2.5,<4", markers = "python_version >= \"3\""}
urllib3 = ">=1.21.1,<1.27"

[package.extras]
socks = ["PySocks (>=1.5.6,!=1.5.7)", "win-inet-pton"]
use_chardet_on_py3 = ["chardet (>=3.0.2,<5)"]

[[package]]
name = "six"
version = "1.14.0"
description = "Python 2 and 3 compatibility utilities"
category = "main"
optional = true
python-versions = ">=2.7, !=3.0.*, !=3.1.*, !=3.2.*"

[[package]]
name = "toml"
version = "0.10.0"
description = "Python Library for Tom's Obvious, Minimal Language"
category = "main"
optional = true
python-versions = "*"

[[package]]
name = "urllib3"
version = "1.25.9"
description = "HTTP library with thread-safe connection pooling, file post, and more."
category = "main"
optional = false
python-versions = ">=2.7, !=3.0.*, !=3.1.*, !=3.2.*, !=3.3.*, !=3.4.*, <4"

[package.extras]
brotli = ["brotlipy (>=0.6.0)"]
secure = ["certifi", "cryptography (>=1.3.4)", "idna (>=2.0.0)", "pyOpenSSL (>=0.14)", "ipaddress"]
socks = ["PySocks (>=1.5.6,!=1.5.7,<2.0)"]

[[package]]
name = "virtualenv"
version = "20.0.16"
description = "Virtual Python Environment builder"
category = "main"
optional = true
python-versions = "!=3.0.*,!=3.1.*,!=3.2.*,!=3.3.*,>=2.7"

[package.dependencies]
appdirs = ">=1.4.3,<2"
distlib = ">=0.3.0,<1"
filelock = ">=3.0.0,<4"
importlib-metadata = {version = ">=0.12,<2", markers = "python_version < \"3.8\""}
importlib-resources = {version = ">=1.0,<2", markers = "python_version < \"3.7\""}
six = ">=1.9.0,<2"

[package.extras]
docs = ["sphinx (>=2.0.0,<3)", "sphinx-argparse (>=0.2.5,<1)", "sphinx-rtd-theme (>=0.4.3,<1)", "towncrier (>=19.9.0rc1)", "proselint (>=0.10.2,<1)"]
testing = ["pytest (>=4.0.0,<6)", "coverage (>=4.5.1,<6)", "pytest-mock (>=2.0.0,<3)", "pytest-env (>=0.6.2,<1)", "pytest-timeout (>=1.3.4,<2)", "packaging (>=20.0)", "xonsh (>=0.9.13,<1)"]

[[package]]
name = "zipp"
version = "3.1.0"
description = "Backport of pathlib-compatible object wrapper for zip files"
category = "main"
optional = true
python-versions = ">=3.6"

[package.extras]
docs = ["sphinx", "jaraco.packaging (>=3.2)", "rst.linker (>=1.9)"]
testing = ["jaraco.itertools", "func-timeout"]

[extras]
pre_commit = ["pre-commit"]

[metadata]
lock-version = "1.1"
python-versions = "^3.6.1"
content-hash = "66fceed707695468debf77fb4df19310dda1bd919ce6c47c986a0574e3be9069"

[metadata.files]
appdirs = [
    {file = "appdirs-1.4.3-py2.py3-none-any.whl", hash = "sha256:d8b24664561d0d34ddfaec54636d502d7cea6e29c3eaf68f3df6180863e2166e"},
    {file = "appdirs-1.4.3.tar.gz", hash = "sha256:9e5896d1372858f8dd3344faf4e5014d21849c756c8d5701f78f8a103b372d92"},
]
certifi = [
    {file = "certifi-2020.4.5.1-py2.py3-none-any.whl", hash = "sha256:1d987a998c75633c40847cc966fcf5904906c920a7f17ef374f5aa4282abd304"},
    {file = "certifi-2020.4.5.1.tar.gz", hash = "sha256:51fcb31174be6e6664c5f69e3e1691a2d72a1a12e90f872cbdb1567eb47b6519"},
]
cfgv = [
    {file = "cfgv-3.1.0-py2.py3-none-any.whl", hash = "sha256:1ccf53320421aeeb915275a196e23b3b8ae87dea8ac6698b1638001d4a486d53"},
    {file = "cfgv-3.1.0.tar.gz", hash = "sha256:c8e8f552ffcc6194f4e18dd4f68d9aef0c0d58ae7e7be8c82bee3c5e9edfa513"},
]
charset-normalizer = [
    {file = "charset-normalizer-2.0.2.tar.gz", hash = "sha256:951567c2f7433a70ab63f1be67e5ee05d3925d9423306ecb71a3b272757bcc95"},
    {file = "charset_normalizer-2.0.2-py3-none-any.whl", hash = "sha256:3c502a35807c9df35697b0f44b1d65008f83071ff29c69677c7c22573bc5a45a"},
]
distlib = [
    {file = "distlib-0.3.0.zip", hash = "sha256:2e166e231a26b36d6dfe35a48c4464346620f8645ed0ace01ee31822b288de21"},
]
filelock = [
    {file = "filelock-3.0.12-py3-none-any.whl", hash = "sha256:929b7d63ec5b7d6b71b0fa5ac14e030b3f70b75747cef1b10da9b879fef15836"},
    {file = "filelock-3.0.12.tar.gz", hash = "sha256:18d82244ee114f543149c66a6e0c14e9c4f8a1044b5cdaadd0f82159d6a6ff59"},
]
identify = [
    {file = "identify-1.4.14-py2.py3-none-any.whl", hash = "sha256:2bb8760d97d8df4408f4e805883dad26a2d076f04be92a10a3e43f09c6060742"},
    {file = "identify-1.4.14.tar.gz", hash = "sha256:faffea0fd8ec86bb146ac538ac350ed0c73908326426d387eded0bcc9d077522"},
]
idna = [
    {file = "idna-2.9-py2.py3-none-any.whl", hash = "sha256:a068a21ceac8a4d63dbfd964670474107f541babbd2250d61922f029858365fa"},
    {file = "idna-2.9.tar.gz", hash = "sha256:7588d1c14ae4c77d74036e8c22ff447b26d0fde8f007354fd48a7814db15b7cb"},
]
importlib-metadata = [
    {file = "importlib_metadata-1.6.0-py2.py3-none-any.whl", hash = "sha256:2a688cbaa90e0cc587f1df48bdc97a6eadccdcd9c35fb3f976a09e3b5016d90f"},
    {file = "importlib_metadata-1.6.0.tar.gz", hash = "sha256:34513a8a0c4962bc66d35b359558fd8a5e10cd472d37aec5f66858addef32c1e"},
]
importlib-resources = [
    {file = "importlib_resources-1.4.0-py2.py3-none-any.whl", hash = "sha256:dd98ceeef3f5ad2ef4cc287b8586da4ebad15877f351e9688987ad663a0a29b8"},
    {file = "importlib_resources-1.4.0.tar.gz", hash = "sha256:4019b6a9082d8ada9def02bece4a76b131518866790d58fdda0b5f8c603b36c2"},
]
nodeenv = [
    {file = "nodeenv-1.3.5-py2.py3-none-any.whl", hash = "sha256:5b2438f2e42af54ca968dd1b374d14a1194848955187b0e5e4be1f73813a5212"},
    {file = "nodeenv-1.3.5.tar.gz", hash = "sha256:7389d06a7ea50c80ca51eda1b185db7b9ec38af1304d12d8b8299d6218486e91"},
]
pre-commit = [
    {file = "pre_commit-2.13.0-py2.py3-none-any.whl", hash = "sha256:b679d0fddd5b9d6d98783ae5f10fd0c4c59954f375b70a58cbe1ce9bcf9809a4"},
    {file = "pre_commit-2.13.0.tar.gz", hash = "sha256:764972c60693dc668ba8e86eb29654ec3144501310f7198742a767bec385a378"},
]
pyyaml = [
    {file = "PyYAML-5.3.1-cp27-cp27m-win32.whl", hash = "sha256:74809a57b329d6cc0fdccee6318f44b9b8649961fa73144a98735b0aaf029f1f"},
    {file = "PyYAML-5.3.1-cp27-cp27m-win_amd64.whl", hash = "sha256:240097ff019d7c70a4922b6869d8a86407758333f02203e0fc6ff79c5dcede76"},
    {file = "PyYAML-5.3.1-cp35-cp35m-win32.whl", hash = "sha256:4f4b913ca1a7319b33cfb1369e91e50354d6f07a135f3b901aca02aa95940bd2"},
    {file = "PyYAML-5.3.1-cp35-cp35m-win_amd64.whl", hash = "sha256:cc8955cfbfc7a115fa81d85284ee61147059a753344bc51098f3ccd69b0d7e0c"},
    {file = "PyYAML-5.3.1-cp36-cp36m-win32.whl", hash = "sha256:7739fc0fa8205b3ee8808aea45e968bc90082c10aef6ea95e855e10abf4a37b2"},
    {file = "PyYAML-5.3.1-cp36-cp36m-win_amd64.whl", hash = "sha256:69f00dca373f240f842b2931fb2c7e14ddbacd1397d57157a9b005a6a9942648"},
    {file = "PyYAML-5.3.1-cp37-cp37m-win32.whl", hash = "sha256:d13155f591e6fcc1ec3b30685d50bf0711574e2c0dfffd7644babf8b5102ca1a"},
    {file = "PyYAML-5.3.1-cp37-cp37m-win_amd64.whl", hash = "sha256:73f099454b799e05e5ab51423c7bcf361c58d3206fa7b0d555426b1f4d9a3eaf"},
    {file = "PyYAML-5.3.1-cp38-cp38-win32.whl", hash = "sha256:06a0d7ba600ce0b2d2fe2e78453a470b5a6e000a985dd4a4e54e436cc36b0e97"},
    {file = "PyYAML-5.3.1-cp38-cp38-win_amd64.whl", hash = "sha256:95f71d2af0ff4227885f7a6605c37fd53d3a106fcab511b8860ecca9fcf400ee"},
    {file = "PyYAML-5.3.1-cp39-cp39-win32.whl", hash = "sha256:ad9c67312c84def58f3c04504727ca879cb0013b2517c85a9a253f0cb6380c0a"},
    {file = "PyYAML-5.3.1-cp39-cp39-win_amd64.whl", hash = "sha256:6034f55dab5fea9e53f436aa68fa3ace2634918e8b5994d82f3621c04ff5ed2e"},
    {file = "PyYAML-5.3.1.tar.gz", hash = "sha256:b8eac752c5e14d3eca0e6dd9199cd627518cb5ec06add0de9d32baeee6fe645d"},
]
requests = [
    {file = "requests-2.26.0-py2.py3-none-any.whl", hash = "sha256:6c1246513ecd5ecd4528a0906f910e8f0f9c6b8ec72030dc9fd154dc1a6efd24"},
    {file = "requests-2.26.0.tar.gz", hash = "sha256:b8aa58f8cf793ffd8782d3d8cb19e66ef36f7aba4353eec859e74678b01b07a7"},
]
six = [
    {file = "six-1.14.0-py2.py3-none-any.whl", hash = "sha256:8f3cd2e254d8f793e7f3d6d9df77b92252b52637291d0f0da013c76ea2724b6c"},
    {file = "six-1.14.0.tar.gz", hash = "sha256:236bdbdce46e6e6a3d61a337c0f8b763ca1e8717c03b369e87a7ec7ce1319c0a"},
]
toml = [
    {file = "toml-0.10.0-py2.7.egg", hash = "sha256:f1db651f9657708513243e61e6cc67d101a39bad662eaa9b5546f789338e07a3"},
    {file = "toml-0.10.0-py2.py3-none-any.whl", hash = "sha256:235682dd292d5899d361a811df37e04a8828a5b1da3115886b73cf81ebc9100e"},
    {file = "toml-0.10.0.tar.gz", hash = "sha256:229f81c57791a41d65e399fc06bf0848bab550a9dfd5ed66df18ce5f05e73d5c"},
]
urllib3 = [
    {file = "urllib3-1.25.9-py2.py3-none-any.whl", hash = "sha256:88206b0eb87e6d677d424843ac5209e3fb9d0190d0ee169599165ec25e9d9115"},
    {file = "urllib3-1.25.9.tar.gz", hash = "sha256:3018294ebefce6572a474f0604c2021e33b3fd8006ecd11d62107a5d2a963527"},
]
virtualenv = [
    {file = "virtualenv-20.0.16-py2.py3-none-any.whl", hash = "sha256:94f647e12d1e6ced2541b93215e51752aecbd1bbb18eb1816e2867f7532b1fe1"},
    {file = "virtualenv-20.0.16.tar.gz", hash = "sha256:6ea131d41c477f6c4b7863948a9a54f7fa196854dbef73efbdff32b509f4d8bf"},
]
zipp = [
    {file = "zipp-3.1.0-py3-none-any.whl", hash = "sha256:aa36550ff0c0b7ef7fa639055d797116ee891440eac1a56f378e2d3179e0320b"},
    {file = "zipp-3.1.0.tar.gz", hash = "sha256:c599e4d75c98f6798c509911d08a22e6c021d074469042177c8c86fb92eefd96"},
]
